
Microsoft Visual Studio Solution File, Format Version 11.00
# Visual Studio 2010
Project("{FAE04EC0-301F-11D3-BF4B-00C04F79EFBC}") = "Assembly-CSharp-firstpass", "Assembly-CSharp-firstpass.csproj", "{27791997-B0DC-919F-FF87-F26968A3BB47}"
EndProject
Project("{FAE04EC0-301F-11D3-BF4B-00C04F79EFBC}") = "Assembly-CSharp", "Assembly-CSharp.csproj", "{AABC061C-0799-2AA7-34CD-848FD049E857}"
EndProject
Project("{FAE04EC0-301F-11D3-BF4B-00C04F79EFBC}") = "Assembly-CSharp-Editor-firstpass", "Assembly-CSharp-Editor-firstpass.csproj", "{5A25DB27-C0E3-2D1E-8002-FBBEE51B3BF1}"
EndProject
Project("{FAE04EC0-301F-11D3-BF4B-00C04F79EFBC}") = "Assembly-CSharp-Editor", "Assembly-CSharp-Editor.csproj", "{234577A2-216B-CE0E-1777-D8F0797F70A9}"
EndProject
Global
	GlobalSection(SolutionConfigurationPlatforms) = preSolution
		Debug|Any CPU = Debug|Any CPU
		Release|Any CPU = Release|Any CPU
	EndGlobalSection
	GlobalSection(ProjectConfigurationPlatforms) = postSolution
		{27791997-B0DC-919F-FF87-F26968A3BB47}.Debug|Any CPU.ActiveCfg = Debug|Any CPU
		{27791997-B0DC-919F-FF87-F26968A3BB47}.Debug|Any CPU.Build.0 = Debug|Any CPU
		{27791997-B0DC-919F-FF87-F26968A3BB47}.Release|Any CPU.ActiveCfg = Release|Any CPU
		{27791997-B0DC-919F-FF87-F26968A3BB47}.Release|Any CPU.Build.0 = Release|Any CPU
		{AABC061C-0799-2AA7-34CD-848FD049E857}.Debug|Any CPU.ActiveCfg = Debug|Any CPU
		{AABC061C-0799-2AA7-34CD-848FD049E857}.Debug|Any CPU.Build.0 = Debug|Any CPU
		{AABC061C-0799-2AA7-34CD-848FD049E857}.Release|Any CPU.ActiveCfg = Release|Any CPU
		{AABC061C-0799-2AA7-34CD-848FD049E857}.Release|Any CPU.Build.0 = Release|Any CPU
		{5A25DB27-C0E3-2D1E-8002-FBBEE51B3BF1}.Debug|Any CPU.ActiveCfg = Debug|Any CPU
		{5A25DB27-C0E3-2D1E-8002-FBBEE51B3BF1}.Debug|Any CPU.Build.0 = Debug|Any CPU
		{5A25DB27-C0E3-2D1E-8002-FBBEE51B3BF1}.Release|Any CPU.ActiveCfg = Release|Any CPU
		{5A25DB27-C0E3-2D1E-8002-FBBEE51B3BF1}.Release|Any CPU.Build.0 = Release|Any CPU
		{234577A2-216B-CE0E-1777-D8F0797F70A9}.Debug|Any CPU.ActiveCfg = Debug|Any CPU
		{234577A2-216B-CE0E-1777-D8F0797F70A9}.Debug|Any CPU.Build.0 = Debug|Any CPU
		{234577A2-216B-CE0E-1777-D8F0797F70A9}.Release|Any CPU.ActiveCfg = Release|Any CPU
		{234577A2-216B-CE0E-1777-D8F0797F70A9}.Release|Any CPU.Build.0 = Release|Any CPU
	EndGlobalSection
	GlobalSection(SolutionProperties) = preSolution
		HideSolutionNode = FALSE
	EndGlobalSection
	GlobalSection(MonoDevelopProperties) = preSolution
		StartupItem = Assembly-CSharp.csproj
	EndGlobalSection
EndGlobal
